// !$*UTF8*$!
{
	archiveVersion = 1;
	classes = {
	};
	objectVersion = 56;
	objects = {

/* Begin PBXBuildFile section */
		4B698DBC29C584B200D0DB34 /* AppDelegate.swift in Sources */ = {isa = PBXBuildFile; fileRef = 4B698DBB29C584B200D0DB34 /* AppDelegate.swift */; };
		4B698DBE29C584B200D0DB34 /* SceneDelegate.swift in Sources */ = {isa = PBXBuildFile; fileRef = 4B698DBD29C584B200D0DB34 /* SceneDelegate.swift */; };
		4B698DC029C584B200D0DB34 /* ViewController.swift in Sources */ = {isa = PBXBuildFile; fileRef = 4B698DBF29C584B200D0DB34 /* ViewController.swift */; };
		4B698DC329C584B200D0DB34 /* Main.storyboard in Resources */ = {isa = PBXBuildFile; fileRef = 4B698DC129C584B200D0DB34 /* Main.storyboard */; };
		4B698DC529C584B400D0DB34 /* Assets.xcassets in Resources */ = {isa = PBXBuildFile; fileRef = 4B698DC429C584B400D0DB34 /* Assets.xcassets */; };
		4B698DC829C584B400D0DB34 /* LaunchScreen.storyboard in Resources */ = {isa = PBXBuildFile; fileRef = 4B698DC629C584B400D0DB34 /* LaunchScreen.storyboard */; };
		4B698DD329C584B400D0DB34 /* WaIETests.swift in Sources */ = {isa = PBXBuildFile; fileRef = 4B698DD229C584B400D0DB34 /* WaIETests.swift */; };
		4B698DDD29C584B400D0DB34 /* WaIEUITests.swift in Sources */ = {isa = PBXBuildFile; fileRef = 4B698DDC29C584B400D0DB34 /* WaIEUITests.swift */; };
		4B698DDF29C584B400D0DB34 /* WaIEUITestsLaunchTests.swift in Sources */ = {isa = PBXBuildFile; fileRef = 4B698DDE29C584B400D0DB34 /* WaIEUITestsLaunchTests.swift */; };
/* End PBXBuildFile section */

/* Begin PBXContainerItemProxy section */
		4B698DCF29C584B400D0DB34 /* PBXContainerItemProxy */ = {
			isa = PBXContainerItemProxy;
			containerPortal = 4B698DB029C584B200D0DB34 /* Project object */;
			proxyType = 1;
			remoteGlobalIDString = 4B698DB729C584B200D0DB34;
			remoteInfo = WaIE;
		};
		4B698DD929C584B400D0DB34 /* PBXContainerItemProxy */ = {
			isa = PBXContainerItemProxy;
			containerPortal = 4B698DB029C584B200D0DB34 /* Project object */;
			proxyType = 1;
			remoteGlobalIDString = 4B698DB729C584B200D0DB34;
			remoteInfo = WaIE;
		};
/* End PBXContainerItemProxy section */

/* Begin PBXFileReference section */
		4B698DB829C584B200D0DB34 /* WaIE.app */ = {isa = PBXFileReference; explicitFileType = wrapper.application; includeInIndex = 0; path = WaIE.app; sourceTree = BUILT_PRODUCTS_DIR; };
		4B698DBB29C584B200D0DB34 /* AppDelegate.swift */ = {isa = PBXFileReference; lastKnownFileType = sourcecode.swift; path = AppDelegate.swift; sourceTree = "<group>"; };
		4B698DBD29C584B200D0DB34 /* SceneDelegate.swift */ = {isa = PBXFileReference; lastKnownFileType = sourcecode.swift; path = SceneDelegate.swift; sourceTree = "<group>"; };
		4B698DBF29C584B200D0DB34 /* ViewController.swift */ = {isa = PBXFileReference; lastKnownFileType = sourcecode.swift; path = ViewController.swift; sourceTree = "<group>"; };
		4B698DC229C584B200D0DB34 /* Base */ = {isa = PBXFileReference; lastKnownFileType = file.storyboard; name = Base; path = Base.lproj/Main.storyboard; sourceTree = "<group>"; };
		4B698DC429C584B400D0DB34 /* Assets.xcassets */ = {isa = PBXFileReference; lastKnownFileType = folder.assetcatalog; path = Assets.xcassets; sourceTree = "<group>"; };
		4B698DC729C584B400D0DB34 /* Base */ = {isa = PBXFileReference; lastKnownFileType = file.storyboard; name = Base; path = Base.lproj/LaunchScreen.storyboard; sourceTree = "<group>"; };
		4B698DC929C584B400D0DB34 /* Info.plist */ = {isa = PBXFileReference; lastKnownFileType = text.plist.xml; path = Info.plist; sourceTree = "<group>"; };
		4B698DCE29C584B400D0DB34 /* WaIETests.xctest */ = {isa = PBXFileReference; explicitFileType = wrapper.cfbundle; includeInIndex = 0; path = WaIETests.xctest; sourceTree = BUILT_PRODUCTS_DIR; };
		4B698DD229C584B400D0DB34 /* WaIETests.swift */ = {isa = PBXFileReference; lastKnownFileType = sourcecode.swift; path = WaIETests.swift; sourceTree = "<group>"; };
		4B698DD829C584B400D0DB34 /* WaIEUITests.xctest */ = {isa = PBXFileReference; explicitFileType = wrapper.cfbundle; includeInIndex = 0; path = WaIEUITests.xctest; sourceTree = BUILT_PRODUCTS_DIR; };
		4B698DDC29C584B400D0DB34 /* WaIEUITests.swift */ = {isa = PBXFileReference; lastKnownFileType = sourcecode.swift; path = WaIEUITests.swift; sourceTree = "<group>"; };
		4B698DDE29C584B400D0DB34 /* WaIEUITestsLaunchTests.swift */ = {isa = PBXFileReference; lastKnownFileType = sourcecode.swift; path = WaIEUITestsLaunchTests.swift; sourceTree = "<group>"; };
/* End PBXFileReference section */

/* Begin PBXFrameworksBuildPhase section */
		4B698DB529C584B200D0DB34 /* Frameworks */ = {
			isa = PBXFrameworksBuildPhase;
			buildActionMask = 2147483647;
			files = (
			);
			runOnlyForDeploymentPostprocessing = 0;
		};
		4B698DCB29C584B400D0DB34 /* Frameworks */ = {
			isa = PBXFrameworksBuildPhase;
			buildActionMask = 2147483647;
			files = (
			);
			runOnlyForDeploymentPostprocessing = 0;
		};
		4B698DD529C584B400D0DB34 /* Frameworks */ = {
			isa = PBXFrameworksBuildPhase;
			buildActionMask = 2147483647;
			files = (
			);
			runOnlyForDeploymentPostprocessing = 0;
		};
/* End PBXFrameworksBuildPhase section */

/* Begin PBXGroup section */
		4B698DAF29C584B200D0DB34 = {
			isa = PBXGroup;
			children = (
				4B698DBA29C584B200D0DB34 /* WaIE */,
				4B698DD129C584B400D0DB34 /* WaIETests */,
				4B698DDB29C584B400D0DB34 /* WaIEUITests */,
				4B698DB929C584B200D0DB34 /* Products */,
			);
			sourceTree = "<group>";
		};
		4B698DB929C584B200D0DB34 /* Products */ = {
			isa = PBXGroup;
			children = (
				4B698DB829C584B200D0DB34 /* WaIE.app */,
				4B698DCE29C584B400D0DB34 /* WaIETests.xctest */,
				4B698DD829C584B400D0DB34 /* WaIEUITests.xctest */,
			);
			name = Products;
			sourceTree = "<group>";
		};
		4B698DBA29C584B200D0DB34 /* WaIE */ = {
			isa = PBXGroup;
			children = (
				4B698DBB29C584B200D0DB34 /* AppDelegate.swift */,
				4B698DBD29C584B200D0DB34 /* SceneDelegate.swift */,
				4B698DBF29C584B200D0DB34 /* ViewController.swift */,
				4B698DC129C584B200D0DB34 /* Main.storyboard */,
				4B698DC429C584B400D0DB34 /* Assets.xcassets */,
				4B698DC629C584B400D0DB34 /* LaunchScreen.storyboard */,
				4B698DC929C584B400D0DB34 /* Info.plist */,
			);
			path = WaIE;
			sourceTree = "<group>";
		};
		4B698DD129C584B400D0DB34 /* WaIETests */ = {
			isa = PBXGroup;
			children = (
				4B698DD229C584B400D0DB34 /* WaIETests.swift */,
			);
			path = WaIETests;
			sourceTree = "<group>";
		};
		4B698DDB29C584B400D0DB34 /* WaIEUITests */ = {
			isa = PBXGroup;
			children = (
				4B698DDC29C584B400D0DB34 /* WaIEUITests.swift */,
				4B698DDE29C584B400D0DB34 /* WaIEUITestsLaunchTests.swift */,
			);
			path = WaIEUITests;
			sourceTree = "<group>";
		};
/* End PBXGroup section */

/* Begin PBXNativeTarget section */
		4B698DB729C584B200D0DB34 /* WaIE */ = {
			isa = PBXNativeTarget;
			buildConfigurationList = 4B698DE229C584B400D0DB34 /* Build configuration list for PBXNativeTarget "WaIE" */;
			buildPhases = (
				4B698DB429C584B200D0DB34 /* Sources */,
				4B698DB529C584B200D0DB34 /* Frameworks */,
				4B698DB629C584B200D0DB34 /* Resources */,
			);
			buildRules = (
			);
			dependencies = (
			);
			name = WaIE;
			productName = WaIE;
			productReference = 4B698DB829C584B200D0DB34 /* WaIE.app */;
			productType = "com.apple.product-type.application";
		};
		4B698DCD29C584B400D0DB34 /* WaIETests */ = {
			isa = PBXNativeTarget;
			buildConfigurationList = 4B698DE529C584B400D0DB34 /* Build configuration list for PBXNativeTarget "WaIETests" */;
			buildPhases = (
				4B698DCA29C584B400D0DB34 /* Sources */,
				4B698DCB29C584B400D0DB34 /* Frameworks */,
				4B698DCC29C584B400D0DB34 /* Resources */,
			);
			buildRules = (
			);
			dependencies = (
				4B698DD029C584B400D0DB34 /* PBXTargetDependency */,
			);
			name = WaIETests;
			productName = WaIETests;
			productReference = 4B698DCE29C584B400D0DB34 /* WaIETests.xctest */;
			productType = "com.apple.product-type.bundle.unit-test";
		};
		4B698DD729C584B400D0DB34 /* WaIEUITests */ = {
			isa = PBXNativeTarget;
			buildConfigurationList = 4B698DE829C584B400D0DB34 /* Build configuration list for PBXNativeTarget "WaIEUITests" */;
			buildPhases = (
				4B698DD429C584B400D0DB34 /* Sources */,
				4B698DD529C584B400D0DB34 /* Frameworks */,
				4B698DD629C584B400D0DB34 /* Resources */,
			);
			buildRules = (
			);
			dependencies = (
				4B698DDA29C584B400D0DB34 /* PBXTargetDependency */,
			);
			name = WaIEUITests;
			productName = WaIEUITests;
			productReference = 4B698DD829C584B400D0DB34 /* WaIEUITests.xctest */;
			productType = "com.apple.product-type.bundle.ui-testing";
		};
/* End PBXNativeTarget section */

/* Begin PBXProject section */
		4B698DB029C584B200D0DB34 /* Project object */ = {
			isa = PBXProject;
			attributes = {
				BuildIndependentTargetsInParallel = 1;
				LastSwiftUpdateCheck = 1400;
				LastUpgradeCheck = 1400;
				TargetAttributes = {
					4B698DB729C584B200D0DB34 = {
						CreatedOnToolsVersion = 14.0.1;
					};
					4B698DCD29C584B400D0DB34 = {
						CreatedOnToolsVersion = 14.0.1;
						TestTargetID = 4B698DB729C584B200D0DB34;
					};
					4B698DD729C584B400D0DB34 = {
						CreatedOnToolsVersion = 14.0.1;
						TestTargetID = 4B698DB729C584B200D0DB34;
					};
				};
			};
			buildConfigurationList = 4B698DB329C584B200D0DB34 /* Build configuration list for PBXProject "WaIE" */;
			compatibilityVersion = "Xcode 14.0";
			developmentRegion = en;
			hasScannedForEncodings = 0;
			knownRegions = (
				en,
				Base,
			);
			mainGroup = 4B698DAF29C584B200D0DB34;
			productRefGroup = 4B698DB929C584B200D0DB34 /* Products */;
			projectDirPath = "";
			projectRoot = "";
			targets = (
				4B698DB729C584B200D0DB34 /* WaIE */,
				4B698DCD29C584B400D0DB34 /* WaIETests */,
				4B698DD729C584B400D0DB34 /* WaIEUITests */,
			);
		};
/* End PBXProject section */

/* Begin PBXResourcesBuildPhase section */
		4B698DB629C584B200D0DB34 /* Resources */ = {
			isa = PBXResourcesBuildPhase;
			buildActionMask = 2147483647;
			files = (
				4B698DC829C584B400D0DB34 /* LaunchScreen.storyboard in Resources */,
				4B698DC529C584B400D0DB34 /* Assets.xcassets in Resources */,
				4B698DC329C584B200D0DB34 /* Main.storyboard in Resources */,
			);
			runOnlyForDeploymentPostprocessing = 0;
		};
		4B698DCC29C584B400D0DB34 /* Resources */ = {
			isa = PBXResourcesBuildPhase;
			buildActionMask = 2147483647;
			files = (
			);
			runOnlyForDeploymentPostprocessing = 0;
		};
		4B698DD629C584B400D0DB34 /* Resources */ = {
			isa = PBXResourcesBuildPhase;
			buildActionMask = 2147483647;
			files = (
			);
			runOnlyForDeploymentPostprocessing = 0;
		};
/* End PBXResourcesBuildPhase section */

/* Begin PBXSourcesBuildPhase section */
		4B698DB429C584B200D0DB34 /* Sources */ = {
			isa = PBXSourcesBuildPhase;
			buildActionMask = 2147483647;
			files = (
				4B698DC029C584B200D0DB34 /* ViewController.swift in Sources */,
				4B698DBC29C584B200D0DB34 /* AppDelegate.swift in Sources */,
				4B698DBE29C584B200D0DB34 /* SceneDelegate.swift in Sources */,
			);
			runOnlyForDeploymentPostprocessing = 0;
		};
		4B698DCA29C584B400D0DB34 /* Sources */ = {
			isa = PBXSourcesBuildPhase;
			buildActionMask = 2147483647;
			files = (
				4B698DD329C584B400D0DB34 /* WaIETests.swift in Sources */,
			);
			runOnlyForDeploymentPostprocessing = 0;
		};
		4B698DD429C584B400D0DB34 /* Sources */ = {
			isa = PBXSourcesBuildPhase;
			buildActionMask = 2147483647;
			files = (
				4B698DDF29C584B400D0DB34 /* WaIEUITestsLaunchTests.swift in Sources */,
				4B698DDD29C584B400D0DB34 /* WaIEUITests.swift in Sources */,
			);
			runOnlyForDeploymentPostprocessing = 0;
		};
/* End PBXSourcesBuildPhase section */

/* Begin PBXTargetDependency section */
		4B698DD029C584B400D0DB34 /* PBXTargetDependency */ = {
			isa = PBXTargetDependency;
			target = 4B698DB729C584B200D0DB34 /* WaIE */;
			targetProxy = 4B698DCF29C584B400D0DB34 /* PBXContainerItemProxy */;
		};
		4B698DDA29C584B400D0DB34 /* PBXTargetDependency */ = {
			isa = PBXTargetDependency;
			target = 4B698DB729C584B200D0DB34 /* WaIE */;
			targetProxy = 4B698DD929C584B400D0DB34 /* PBXContainerItemProxy */;
		};
/* End PBXTargetDependency section */

/* Begin PBXVariantGroup section */
		4B698DC129C584B200D0DB34 /* Main.storyboard */ = {
			isa = PBXVariantGroup;
			children = (
				4B698DC229C584B200D0DB34 /* Base */,
			);
			name = Main.storyboard;
			sourceTree = "<group>";
		};
		4B698DC629C584B400D0DB34 /* LaunchScreen.storyboard */ = {
			isa = PBXVariantGroup;
			children = (
				4B698DC729C584B400D0DB34 /* Base */,
			);
			name = LaunchScreen.storyboard;
			sourceTree = "<group>";
		};
/* End PBXVariantGroup section */

/* Begin XCBuildConfiguration section */
		4B698DE029C584B400D0DB34 /* Debug */ = {
			isa = XCBuildConfiguration;
			buildSettings = {
				ALWAYS_SEARCH_USER_PATHS = NO;
				CLANG_ANALYZER_NONNULL = YES;
				CLANG_ANALYZER_NUMBER_OBJECT_CONVERSION = YES_AGGRESSIVE;
				CLANG_CXX_LANGUAGE_STANDARD = "gnu++20";
				CLANG_ENABLE_MODULES = YES;
				CLANG_ENABLE_OBJC_ARC = YES;
				CLANG_ENABLE_OBJC_WEAK = YES;
				CLANG_WARN_BLOCK_CAPTURE_AUTORELEASING = YES;
				CLANG_WARN_BOOL_CONVERSION = YES;
				CLANG_WARN_COMMA = YES;
				CLANG_WARN_CONSTANT_CONVERSION = YES;
				CLANG_WARN_DEPRECATED_OBJC_IMPLEMENTATIONS = YES;
				CLANG_WARN_DIRECT_OBJC_ISA_USAGE = YES_ERROR;
				CLANG_WARN_DOCUMENTATION_COMMENTS = YES;
				CLANG_WARN_EMPTY_BODY = YES;
				CLANG_WARN_ENUM_CONVERSION = YES;
				CLANG_WARN_INFINITE_RECURSION = YES;
				CLANG_WARN_INT_CONVERSION = YES;
				CLANG_WARN_NON_LITERAL_NULL_CONVERSION = YES;
				CLANG_WARN_OBJC_IMPLICIT_RETAIN_SELF = YES;
				CLANG_WARN_OBJC_LITERAL_CONVERSION = YES;
				CLANG_WARN_OBJC_ROOT_CLASS = YES_ERROR;
				CLANG_WARN_QUOTED_INCLUDE_IN_FRAMEWORK_HEADER = YES;
				CLANG_WARN_RANGE_LOOP_ANALYSIS = YES;
				CLANG_WARN_STRICT_PROTOTYPES = YES;
				CLANG_WARN_SUSPICIOUS_MOVE = YES;
				CLANG_WARN_UNGUARDED_AVAILABILITY = YES_AGGRESSIVE;
				CLANG_WARN_UNREACHABLE_CODE = YES;
				CLANG_WARN__DUPLICATE_METHOD_MATCH = YES;
				COPY_PHASE_STRIP = NO;
				DEBUG_INFORMATION_FORMAT = dwarf;
				ENABLE_STRICT_OBJC_MSGSEND = YES;
				ENABLE_TESTABILITY = YES;
				GCC_C_LANGUAGE_STANDARD = gnu11;
				GCC_DYNAMIC_NO_PIC = NO;
				GCC_NO_COMMON_BLOCKS = YES;
				GCC_OPTIMIZATION_LEVEL = 0;
				GCC_PREPROCESSOR_DEFINITIONS = (
					"DEBUG=1",
					"$(inherited)",
				);
				GCC_WARN_64_TO_32_BIT_CONVERSION = YES;
				GCC_WARN_ABOUT_RETURN_TYPE = YES_ERROR;
				GCC_WARN_UNDECLARED_SELECTOR = YES;
				GCC_WARN_UNINITIALIZED_AUTOS = YES_AGGRESSIVE;
				GCC_WARN_UNUSED_FUNCTION = YES;
				GCC_WARN_UNUSED_VARIABLE = YES;
				IPHONEOS_DEPLOYMENT_TARGET = 16.0;
				MTL_ENABLE_DEBUG_INFO = INCLUDE_SOURCE;
				MTL_FAST_MATH = YES;
				ONLY_ACTIVE_ARCH = YES;
				SDKROOT = iphoneos;
				SWIFT_ACTIVE_COMPILATION_CONDITIONS = DEBUG;
				SWIFT_OPTIMIZATION_LEVEL = "-Onone";
			};
			name = Debug;
		};
		4B698DE129C584B400D0DB34 /* Release */ = {
			isa = XCBuildConfiguration;
			buildSettings = {
				ALWAYS_SEARCH_USER_PATHS = NO;
				CLANG_ANALYZER_NONNULL = YES;
				CLANG_ANALYZER_NUMBER_OBJECT_CONVERSION = YES_AGGRESSIVE;
				CLANG_CXX_LANGUAGE_STANDARD = "gnu++20";
				CLANG_ENABLE_MODULES = YES;
				CLANG_ENABLE_OBJC_ARC = YES;
				CLANG_ENABLE_OBJC_WEAK = YES;
				CLANG_WARN_BLOCK_CAPTURE_AUTORELEASING = YES;
				CLANG_WARN_BOOL_CONVERSION = YES;
				CLANG_WARN_COMMA = YES;
				CLANG_WARN_CONSTANT_CONVERSION = YES;
				CLANG_WARN_DEPRECATED_OBJC_IMPLEMENTATIONS = YES;
				CLANG_WARN_DIRECT_OBJC_ISA_USAGE = YES_ERROR;
				CLANG_WARN_DOCUMENTATION_COMMENTS = YES;
				CLANG_WARN_EMPTY_BODY = YES;
				CLANG_WARN_ENUM_CONVERSION = YES;
				CLANG_WARN_INFINITE_RECURSION = YES;
				CLANG_WARN_INT_CONVERSION = YES;
				CLANG_WARN_NON_LITERAL_NULL_CONVERSION = YES;
				CLANG_WARN_OBJC_IMPLICIT_RETAIN_SELF = YES;
				CLANG_WARN_OBJC_LITERAL_CONVERSION = YES;
				CLANG_WARN_OBJC_ROOT_CLASS = YES_ERROR;
				CLANG_WARN_QUOTED_INCLUDE_IN_FRAMEWORK_HEADER = YES;
				CLANG_WARN_RANGE_LOOP_ANALYSIS = YES;
				CLANG_WARN_STRICT_PROTOTYPES = YES;
				CLANG_WARN_SUSPICIOUS_MOVE = YES;
				CLANG_WARN_UNGUARDED_AVAILABILITY = YES_AGGRESSIVE;
				CLANG_WARN_UNREACHABLE_CODE = YES;
				CLANG_WARN__DUPLICATE_METHOD_MATCH = YES;
				COPY_PHASE_STRIP = NO;
				DEBUG_INFORMATION_FORMAT = "dwarf-with-dsym";
				ENABLE_NS_ASSERTIONS = NO;
				ENABLE_STRICT_OBJC_MSGSEND = YES;
				GCC_C_LANGUAGE_STANDARD = gnu11;
				GCC_NO_COMMON_BLOCKS = YES;
				GCC_WARN_64_TO_32_BIT_CONVERSION = YES;
				GCC_WARN_ABOUT_RETURN_TYPE = YES_ERROR;
				GCC_WARN_UNDECLARED_SELECTOR = YES;
				GCC_WARN_UNINITIALIZED_AUTOS = YES_AGGRESSIVE;
				GCC_WARN_UNUSED_FUNCTION = YES;
				GCC_WARN_UNUSED_VARIABLE = YES;
				IPHONEOS_DEPLOYMENT_TARGET = 16.0;
				MTL_ENABLE_DEBUG_INFO = NO;
				MTL_FAST_MATH = YES;
				SDKROOT = iphoneos;
				SWIFT_COMPILATION_MODE = wholemodule;
				SWIFT_OPTIMIZATION_LEVEL = "-O";
				VALIDATE_PRODUCT = YES;
			};
			name = Release;
		};
		4B698DE329C584B400D0DB34 /* Debug */ = {
			isa = XCBuildConfiguration;
			buildSettings = {
				ASSETCATALOG_COMPILER_APPICON_NAME = AppIcon;
				ASSETCATALOG_COMPILER_GLOBAL_ACCENT_COLOR_NAME = AccentColor;
				CODE_SIGN_STYLE = Automatic;
				CURRENT_PROJECT_VERSION = 1;
				GENERATE_INFOPLIST_FILE = YES;
				INFOPLIST_FILE = WaIE/Info.plist;
				INFOPLIST_KEY_UIApplicationSupportsIndirectInputEvents = YES;
				INFOPLIST_KEY_UILaunchStoryboardName = LaunchScreen;
				INFOPLIST_KEY_UIMainStoryboardFile = Main;
				INFOPLIST_KEY_UISupportedInterfaceOrientations_iPad = "UIInterfaceOrientationPortrait UIInterfaceOrientationPortraitUpsideDown UIInterfaceOrientationLandscapeLeft UIInterfaceOrientationLandscapeRight";
				INFOPLIST_KEY_UISupportedInterfaceOrientations_iPhone = "UIInterfaceOrientationPortrait UIInterfaceOrientationLandscapeLeft UIInterfaceOrientationLandscapeRight";
				LD_RUNPATH_SEARCH_PATHS = (
					"$(inherited)",
					"@executable_path/Frameworks",
				);
				MARKETING_VERSION = 1.0;
				PRODUCT_BUNDLE_IDENTIFIER = com.anshuvij.WaIE;
				PRODUCT_NAME = "$(TARGET_NAME)";
				SWIFT_EMIT_LOC_STRINGS = YES;
				SWIFT_VERSION = 5.0;
				TARGETED_DEVICE_FAMILY = "1,2";
			};
			name = Debug;
		};
		4B698DE429C584B400D0DB34 /* Release */ = {
			isa = XCBuildConfiguration;
			buildSettings = {
				ASSETCATALOG_COMPILER_APPICON_NAME = AppIcon;
				ASSETCATALOG_COMPILER_GLOBAL_ACCENT_COLOR_NAME = AccentColor;
				CODE_SIGN_STYLE = Automatic;
				CURRENT_PROJECT_VERSION = 1;
				GENERATE_INFOPLIST_FILE = YES;
				INFOPLIST_FILE = WaIE/Info.plist;
				INFOPLIST_KEY_UIApplicationSupportsIndirectInputEvents = YES;
				INFOPLIST_KEY_UILaunchStoryboardName = LaunchScreen;
				INFOPLIST_KEY_UIMainStoryboardFile = Main;
				INFOPLIST_KEY_UISupportedInterfaceOrientations_iPad = "UIInterfaceOrientationPortrait UIInterfaceOrientationPortraitUpsideDown UIInterfaceOrientationLandscapeLeft UIInterfaceOrientationLandscapeRight";
				INFOPLIST_KEY_UISupportedInterfaceOrientations_iPhone = "UIInterfaceOrientationPortrait UIInterfaceOrientationLandscapeLeft UIInterfaceOrientationLandscapeRight";
				LD_RUNPATH_SEARCH_PATHS = (
					"$(inherited)",
					"@executable_path/Frameworks",
				);
				MARKETING_VERSION = 1.0;
				PRODUCT_BUNDLE_IDENTIFIER = com.anshuvij.WaIE;
				PRODUCT_NAME = "$(TARGET_NAME)";
				SWIFT_EMIT_LOC_STRINGS = YES;
				SWIFT_VERSION = 5.0;
				TARGETED_DEVICE_FAMILY = "1,2";
			};
			name = Release;
		};
		4B698DE629C584B400D0DB34 /* Debug */ = {
			isa = XCBuildConfiguration;
			buildSettings = {
				ALWAYS_EMBED_SWIFT_STANDARD_LIBRARIES = YES;
				BUNDLE_LOADER = "$(TEST_HOST)";
				CODE_SIGN_STYLE = Automatic;
				CURRENT_PROJECT_VERSION = 1;
				GENERATE_INFOPLIST_FILE = YES;
				IPHONEOS_DEPLOYMENT_TARGET = 16.0;
				MARKETING_VERSION = 1.0;
				PRODUCT_BUNDLE_IDENTIFIER = com.anshuvij.WaIETests;
				PRODUCT_NAME = "$(TARGET_NAME)";
				SWIFT_EMIT_LOC_STRINGS = NO;
				SWIFT_VERSION = 5.0;
				TARGETED_DEVICE_FAMILY = "1,2";
				TEST_HOST = "$(BUILT_PRODUCTS_DIR)/WaIE.app/$(BUNDLE_EXECUTABLE_FOLDER_PATH)/WaIE";
			};
			name = Debug;
		};
		4B698DE729C584B400D0DB34 /* Release */ = {
			isa = XCBuildConfiguration;
			buildSettings = {
				ALWAYS_EMBED_SWIFT_STANDARD_LIBRARIES = YES;
				BUNDLE_LOADER = "$(TEST_HOST)";
				CODE_SIGN_STYLE = Automatic;
				CURRENT_PROJECT_VERSION = 1;
				GENERATE_INFOPLIST_FILE = YES;
				IPHONEOS_DEPLOYMENT_TARGET = 16.0;
				MARKETING_VERSION = 1.0;
				PRODUCT_BUNDLE_IDENTIFIER = com.anshuvij.WaIETests;
				PRODUCT_NAME = "$(TARGET_NAME)";
				SWIFT_EMIT_LOC_STRINGS = NO;
				SWIFT_VERSION = 5.0;
				TARGETED_DEVICE_FAMILY = "1,2";
				TEST_HOST = "$(BUILT_PRODUCTS_DIR)/WaIE.app/$(BUNDLE_EXECUTABLE_FOLDER_PATH)/WaIE";
			};
			name = Release;
		};
		4B698DE929C584B400D0DB34 /* Debug */ = {
			isa = XCBuildConfiguration;
			buildSettings = {
				ALWAYS_EMBED_SWIFT_STANDARD_LIBRARIES = YES;
				CODE_SIGN_STYLE = Automatic;
				CURRENT_PROJECT_VERSION = 1;
				GENERATE_INFOPLIST_FILE = YES;
				MARKETING_VERSION = 1.0;
				PRODUCT_BUNDLE_IDENTIFIER = com.anshuvij.WaIEUITests;
				PRODUCT_NAME = "$(TARGET_NAME)";
				SWIFT_EMIT_LOC_STRINGS = NO;
				SWIFT_VERSION = 5.0;
				TARGETED_DEVICE_FAMILY = "1,2";
				TEST_TARGET_NAME = WaIE;
			};
			name = Debug;
		};
		4B698DEA29C584B400D0DB34 /* Release */ = {
			isa = XCBuildConfiguration;
			buildSettings = {
				ALWAYS_EMBED_SWIFT_STANDARD_LIBRARIES = YES;
				CODE_SIGN_STYLE = Automatic;
				CURRENT_PROJECT_VERSION = 1;
				GENERATE_INFOPLIST_FILE = YES;
				MARKETING_VERSION = 1.0;
				PRODUCT_BUNDLE_IDENTIFIER = com.anshuvij.WaIEUITests;
				PRODUCT_NAME = "$(TARGET_NAME)";
				SWIFT_EMIT_LOC_STRINGS = NO;
				SWIFT_VERSION = 5.0;
				TARGETED_DEVICE_FAMILY = "1,2";
				TEST_TARGET_NAME = WaIE;
			};
			name = Release;
		};
/* End XCBuildConfiguration section */

/* Begin XCConfigurationList section */
		4B698DB329C584B200D0DB34 /* Build configuration list for PBXProject "WaIE" */ = {
			isa = XCConfigurationList;
			buildConfigurations = (
				4B698DE029C584B400D0DB34 /* Debug */,
				4B698DE129C584B400D0DB34 /* Release */,
			);
			defaultConfigurationIsVisible = 0;
			defaultConfigurationName = Release;
		};
		4B698DE229C584B400D0DB34 /* Build configuration list for PBXNativeTarget "WaIE" */ = {
			isa = XCConfigurationList;
			buildConfigurations = (
				4B698DE329C584B400D0DB34 /* Debug */,
				4B698DE429C584B400D0DB34 /* Release */,
			);
			defaultConfigurationIsVisible = 0;
			defaultConfigurationName = Release;
		};
		4B698DE529C584B400D0DB34 /* Build configuration list for PBXNativeTarget "WaIETests" */ = {
			isa = XCConfigurationList;
			buildConfigurations = (
				4B698DE629C584B400D0DB34 /* Debug */,
				4B698DE729C584B400D0DB34 /* Release */,
			);
			defaultConfigurationIsVisible = 0;
			defaultConfigurationName = Release;
		};
		4B698DE829C584B400D0DB34 /* Build configuration list for PBXNativeTarget "WaIEUITests" */ = {
			isa = XCConfigurationList;
			buildConfigurations = (
				4B698DE929C584B400D0DB34 /* Debug */,
				4B698DEA29C584B400D0DB34 /* Release */,
			);
			defaultConfigurationIsVisible = 0;
			defaultConfigurationName = Release;
		};
/* End XCConfigurationList section */
	};
	rootObject = 4B698DB029C584B200D0DB34 /* Project object */;
}
